
Microsoft Visual Studio Solution File, Format Version 12.00
# Visual Studio Version 17
VisualStudioVersion = 17.11.35208.52
MinimumVisualStudioVersion = 10.0.40219.1
Project("{FAE04EC0-301F-11D3-BF4B-00C04F79EFBC}") = "sorth", "sorth.csproj", "{9626C239-2E92-449E-9988-31E3D7FE8721}"
EndProject
Project("{FAE04EC0-301F-11D3-BF4B-00C04F79EFBC}") = "Sorth.Interpreter", "..\Sorth.Interpreter\Sorth.Interpreter.csproj", "{0C8A302C-81E3-4335-8F21-4D4BB6282765}"
EndProject
Global
	GlobalSection(SolutionConfigurationPlatforms) = preSolution
		Debug|Any CPU = Debug|Any CPU
		Release|Any CPU = Release|Any CPU
	EndGlobalSection
	GlobalSection(ProjectConfigurationPlatforms) = postSolution
		{9626C239-2E92-449E-9988-31E3D7FE8721}.Debug|Any CPU.ActiveCfg = Debug|Any CPU
		{9626C239-2E92-449E-9988-31E3D7FE8721}.Debug|Any CPU.Build.0 = Debug|Any CPU
		{9626C239-2E92-449E-9988-31E3D7FE8721}.Release|Any CPU.ActiveCfg = Release|Any CPU
		{9626C239-2E92-449E-9988-31E3D7FE8721}.Release|Any CPU.Build.0 = Release|Any CPU
		{0C8A302C-81E3-4335-8F21-4D4BB6282765}.Debug|Any CPU.ActiveCfg = Debug|Any CPU
		{0C8A302C-81E3-4335-8F21-4D4BB6282765}.Debug|Any CPU.Build.0 = Debug|Any CPU
		{0C8A302C-81E3-4335-8F21-4D4BB6282765}.Release|Any CPU.ActiveCfg = Release|Any CPU
		{0C8A302C-81E3-4335-8F21-4D4BB6282765}.Release|Any CPU.Build.0 = Release|Any CPU
	EndGlobalSection
	GlobalSection(SolutionProperties) = preSolution
		HideSolutionNode = FALSE
	EndGlobalSection
	GlobalSection(ExtensibilityGlobals) = postSolution
		SolutionGuid = {88516196-C74A-4BAB-91BC-217A74A19258}
	EndGlobalSection
EndGlobal
